
Microsoft Visual Studio Solution File, Format Version 12.00
# Visual Studio Version 17
VisualStudioVersion = 17.8.34309.116
MinimumVisualStudioVersion = 10.0.40219.1
Project("{8BC9CEB8-8B4A-11D0-8D11-00A0C91BC942}") = "SvEngine", "SvEngine\SvEngine.vcxproj", "{0E19D820-B6BE-4D23-805B-AAD9EF0EEA69}"
EndProject
Project("{2150E333-8FDC-42A3-9474-1A3956D46DE8}") = "Tools", "Tools", "{D38E0D41-FFF8-4938-AD80-3AB93233CB2B}"
EndProject
Project("{2150E333-8FDC-42A3-9474-1A3956D46DE8}") = "Engine", "Engine", "{87A20E2A-BD72-441B-AE36-81CB51748EBB}"
EndProject
Project("{2150E333-8FDC-42A3-9474-1A3956D46DE8}") = "솔루션 항목", "솔루션 항목", "{75EFB1D4-8241-4514-9662-82B2778F2403}"
	ProjectSection(SolutionItems) = preProject
		.gitignore = .gitignore
		.gitmodules = .gitmodules
		README.md = README.md
	EndProjectSection
EndProject
Project("{888888A0-9F3D-457C-B088-3A5042F75D52}") = "PacketGenerator", "tools\PacketGenerator\PacketGenerator.pyproj", "{1CBC2443-D0A8-4ED5-AC39-1782D2001B4E}"
EndProject
Project("{2150E333-8FDC-42A3-9474-1A3956D46DE8}") = "Connector", "Connector", "{39EA752C-FAEE-4571-98B4-0F70B821E49C}"
EndProject
Project("{9A19103F-16F7-4668-BE54-9A1E7A4F7556}") = "ConnectorSharp", "Connector\ConnectorSharp\ConnectorSharp.csproj", "{9359DB76-3DF6-43D8-8807-1FE68143E90D}"
EndProject
Project("{8BC9CEB8-8B4A-11D0-8D11-00A0C91BC942}") = "ConnectorPlusPlus", "Connector\ConnectorPlusPlus\ConnectorPlusPlus.vcxproj", "{D0BACE1E-22B6-4AF1-90BD-1982A4EB3209}"
EndProject
Project("{2150E333-8FDC-42A3-9474-1A3956D46DE8}") = "Server", "Server", "{796B2721-0044-4FB0-9296-9D2ABA42E3F6}"
EndProject
Global
	GlobalSection(SolutionConfigurationPlatforms) = preSolution
		Debug|Any CPU = Debug|Any CPU
		Debug|x64 = Debug|x64
		Debug|x86 = Debug|x86
		Release|Any CPU = Release|Any CPU
		Release|x64 = Release|x64
		Release|x86 = Release|x86
	EndGlobalSection
	GlobalSection(ProjectConfigurationPlatforms) = postSolution
		{0E19D820-B6BE-4D23-805B-AAD9EF0EEA69}.Debug|Any CPU.ActiveCfg = Debug|x64
		{0E19D820-B6BE-4D23-805B-AAD9EF0EEA69}.Debug|Any CPU.Build.0 = Debug|x64
		{0E19D820-B6BE-4D23-805B-AAD9EF0EEA69}.Debug|x64.ActiveCfg = Debug|x64
		{0E19D820-B6BE-4D23-805B-AAD9EF0EEA69}.Debug|x64.Build.0 = Debug|x64
		{0E19D820-B6BE-4D23-805B-AAD9EF0EEA69}.Debug|x86.ActiveCfg = Debug|Win32
		{0E19D820-B6BE-4D23-805B-AAD9EF0EEA69}.Debug|x86.Build.0 = Debug|Win32
		{0E19D820-B6BE-4D23-805B-AAD9EF0EEA69}.Release|Any CPU.ActiveCfg = Release|x64
		{0E19D820-B6BE-4D23-805B-AAD9EF0EEA69}.Release|Any CPU.Build.0 = Release|x64
		{0E19D820-B6BE-4D23-805B-AAD9EF0EEA69}.Release|x64.ActiveCfg = Release|x64
		{0E19D820-B6BE-4D23-805B-AAD9EF0EEA69}.Release|x64.Build.0 = Release|x64
		{0E19D820-B6BE-4D23-805B-AAD9EF0EEA69}.Release|x86.ActiveCfg = Release|Win32
		{0E19D820-B6BE-4D23-805B-AAD9EF0EEA69}.Release|x86.Build.0 = Release|Win32
		{1CBC2443-D0A8-4ED5-AC39-1782D2001B4E}.Debug|Any CPU.ActiveCfg = Debug|Any CPU
		{1CBC2443-D0A8-4ED5-AC39-1782D2001B4E}.Debug|x64.ActiveCfg = Debug|Any CPU
		{1CBC2443-D0A8-4ED5-AC39-1782D2001B4E}.Debug|x86.ActiveCfg = Debug|Any CPU
		{1CBC2443-D0A8-4ED5-AC39-1782D2001B4E}.Release|Any CPU.ActiveCfg = Release|Any CPU
		{1CBC2443-D0A8-4ED5-AC39-1782D2001B4E}.Release|x64.ActiveCfg = Release|Any CPU
		{1CBC2443-D0A8-4ED5-AC39-1782D2001B4E}.Release|x86.ActiveCfg = Release|Any CPU
		{9359DB76-3DF6-43D8-8807-1FE68143E90D}.Debug|Any CPU.ActiveCfg = Debug|Any CPU
		{9359DB76-3DF6-43D8-8807-1FE68143E90D}.Debug|Any CPU.Build.0 = Debug|Any CPU
		{9359DB76-3DF6-43D8-8807-1FE68143E90D}.Debug|x64.ActiveCfg = Debug|Any CPU
		{9359DB76-3DF6-43D8-8807-1FE68143E90D}.Debug|x64.Build.0 = Debug|Any CPU
		{9359DB76-3DF6-43D8-8807-1FE68143E90D}.Debug|x86.ActiveCfg = Debug|Any CPU
		{9359DB76-3DF6-43D8-8807-1FE68143E90D}.Debug|x86.Build.0 = Debug|Any CPU
		{9359DB76-3DF6-43D8-8807-1FE68143E90D}.Release|Any CPU.ActiveCfg = Release|Any CPU
		{9359DB76-3DF6-43D8-8807-1FE68143E90D}.Release|Any CPU.Build.0 = Release|Any CPU
		{9359DB76-3DF6-43D8-8807-1FE68143E90D}.Release|x64.ActiveCfg = Release|Any CPU
		{9359DB76-3DF6-43D8-8807-1FE68143E90D}.Release|x64.Build.0 = Release|Any CPU
		{9359DB76-3DF6-43D8-8807-1FE68143E90D}.Release|x86.ActiveCfg = Release|Any CPU
		{9359DB76-3DF6-43D8-8807-1FE68143E90D}.Release|x86.Build.0 = Release|Any CPU
		{D0BACE1E-22B6-4AF1-90BD-1982A4EB3209}.Debug|Any CPU.ActiveCfg = Debug|x64
		{D0BACE1E-22B6-4AF1-90BD-1982A4EB3209}.Debug|Any CPU.Build.0 = Debug|x64
		{D0BACE1E-22B6-4AF1-90BD-1982A4EB3209}.Debug|x64.ActiveCfg = Debug|x64
		{D0BACE1E-22B6-4AF1-90BD-1982A4EB3209}.Debug|x64.Build.0 = Debug|x64
		{D0BACE1E-22B6-4AF1-90BD-1982A4EB3209}.Debug|x86.ActiveCfg = Debug|Win32
		{D0BACE1E-22B6-4AF1-90BD-1982A4EB3209}.Debug|x86.Build.0 = Debug|Win32
		{D0BACE1E-22B6-4AF1-90BD-1982A4EB3209}.Release|Any CPU.ActiveCfg = Release|x64
		{D0BACE1E-22B6-4AF1-90BD-1982A4EB3209}.Release|Any CPU.Build.0 = Release|x64
		{D0BACE1E-22B6-4AF1-90BD-1982A4EB3209}.Release|x64.ActiveCfg = Release|x64
		{D0BACE1E-22B6-4AF1-90BD-1982A4EB3209}.Release|x64.Build.0 = Release|x64
		{D0BACE1E-22B6-4AF1-90BD-1982A4EB3209}.Release|x86.ActiveCfg = Release|Win32
		{D0BACE1E-22B6-4AF1-90BD-1982A4EB3209}.Release|x86.Build.0 = Release|Win32
	EndGlobalSection
	GlobalSection(SolutionProperties) = preSolution
		HideSolutionNode = FALSE
	EndGlobalSection
	GlobalSection(NestedProjects) = preSolution
		{0E19D820-B6BE-4D23-805B-AAD9EF0EEA69} = {87A20E2A-BD72-441B-AE36-81CB51748EBB}
		{D38E0D41-FFF8-4938-AD80-3AB93233CB2B} = {87A20E2A-BD72-441B-AE36-81CB51748EBB}
		{1CBC2443-D0A8-4ED5-AC39-1782D2001B4E} = {D38E0D41-FFF8-4938-AD80-3AB93233CB2B}
		{39EA752C-FAEE-4571-98B4-0F70B821E49C} = {87A20E2A-BD72-441B-AE36-81CB51748EBB}
		{9359DB76-3DF6-43D8-8807-1FE68143E90D} = {39EA752C-FAEE-4571-98B4-0F70B821E49C}
		{D0BACE1E-22B6-4AF1-90BD-1982A4EB3209} = {39EA752C-FAEE-4571-98B4-0F70B821E49C}
	EndGlobalSection
	GlobalSection(ExtensibilityGlobals) = postSolution
		SolutionGuid = {ED68ACD2-0F2E-44A1-A1D6-5B4C5B7D2AAF}
	EndGlobalSection
EndGlobal
