<?xml version="1.0" encoding="utf-8"?>
<Project ToolsVersion="4.0" xmlns="http://schemas.microsoft.com/developer/msbuild/2003">
  <ItemGroup>
    <ClCompile Include="src\core\Engine.cpp">
      <Filter>src\core</Filter>
    </ClCompile>
    <ClCompile Include="src\core\Packet.cpp">
      <Filter>src\core</Filter>
    </ClCompile>
    <ClCompile Include="src\core\Server.cpp">
      <Filter>src\core</Filter>
    </ClCompile>
    <ClCompile Include="src\core\Session.cpp">
      <Filter>src\core</Filter>
    </ClCompile>
    <ClCompile Include="src\util\Console.cpp">
      <Filter>src\util</Filter>
    </ClCompile>
  </ItemGroup>
  <ItemGroup>
    <Filter Include="src">
      <UniqueIdentifier>{424c5534-1d84-4622-997f-cd9462d7f3b9}</UniqueIdentifier>
    </Filter>
    <Filter Include="include">
      <UniqueIdentifier>{de4e9450-2446-4cde-a85d-8e83ce97c7b1}</UniqueIdentifier>
    </Filter>
    <Filter Include="include\util">
      <UniqueIdentifier>{6d5432eb-3479-435b-9016-79e753713335}</UniqueIdentifier>
    </Filter>
    <Filter Include="include\core">
      <UniqueIdentifier>{b247b05b-4653-4c2c-bc47-871e6a877585}</UniqueIdentifier>
    </Filter>
    <Filter Include="src\util">
      <UniqueIdentifier>{bd92f332-49bb-4cf3-84fa-898f29a4575c}</UniqueIdentifier>
    </Filter>
    <Filter Include="src\core">
      <UniqueIdentifier>{a4047dcc-df7f-493c-a4b6-789ea9189c77}</UniqueIdentifier>
    </Filter>
  </ItemGroup>
  <ItemGroup>
    <ClInclude Include="include\util\Console.hpp">
      <Filter>include\util</Filter>
    </ClInclude>
    <ClInclude Include="include\core\Engine.hpp">
      <Filter>include\core</Filter>
    </ClInclude>
    <ClInclude Include="include\core\Packet.hpp">
      <Filter>include\core</Filter>
    </ClInclude>
    <ClInclude Include="include\core\Server.hpp">
      <Filter>include\core</Filter>
    </ClInclude>
    <ClInclude Include="include\core\Session.hpp">
      <Filter>include\core</Filter>
    </ClInclude>
    <ClInclude Include="include\util\Types.hpp">
      <Filter>include\util</Filter>
    </ClInclude>
  </ItemGroup>
</Project>